
Microsoft Visual Studio Solution File, Format Version 12.00
# Visual Studio 15
VisualStudioVersion = 15.0.27703.2026
MinimumVisualStudioVersion = 10.0.40219.1
Project("{FAE04EC0-301F-11D3-BF4B-00C04F79EFBC}") = "Sulucz.StateMachine", "Sulucz.StateMachine\Sulucz.StateMachine.csproj", "{7A954AF3-0173-478A-A00B-04AFD366D2EE}"
EndProject
Project("{FAE04EC0-301F-11D3-BF4B-00C04F79EFBC}") = "Sulucz.StateMachine.Tests", "..\Test\Sulucz.StateMachine.Tests\Sulucz.StateMachine.Tests.csproj", "{E26D5E54-BA17-4BCE-96F8-96EC3F7C0AE1}"
EndProject
Global
	GlobalSection(SolutionConfigurationPlatforms) = preSolution
		Debug|Any CPU = Debug|Any CPU
		Release|Any CPU = Release|Any CPU
	EndGlobalSection
	GlobalSection(ProjectConfigurationPlatforms) = postSolution
		{7A954AF3-0173-478A-A00B-04AFD366D2EE}.Debug|Any CPU.ActiveCfg = Debug|Any CPU
		{7A954AF3-0173-478A-A00B-04AFD366D2EE}.Debug|Any CPU.Build.0 = Debug|Any CPU
		{7A954AF3-0173-478A-A00B-04AFD366D2EE}.Release|Any CPU.ActiveCfg = Release|Any CPU
		{7A954AF3-0173-478A-A00B-04AFD366D2EE}.Release|Any CPU.Build.0 = Release|Any CPU
		{E26D5E54-BA17-4BCE-96F8-96EC3F7C0AE1}.Debug|Any CPU.ActiveCfg = Debug|Any CPU
		{E26D5E54-BA17-4BCE-96F8-96EC3F7C0AE1}.Debug|Any CPU.Build.0 = Debug|Any CPU
		{E26D5E54-BA17-4BCE-96F8-96EC3F7C0AE1}.Release|Any CPU.ActiveCfg = Release|Any CPU
		{E26D5E54-BA17-4BCE-96F8-96EC3F7C0AE1}.Release|Any CPU.Build.0 = Release|Any CPU
	EndGlobalSection
	GlobalSection(SolutionProperties) = preSolution
		HideSolutionNode = FALSE
	EndGlobalSection
	GlobalSection(ExtensibilityGlobals) = postSolution
		SolutionGuid = {70D451F4-DF64-4CB1-ACB4-912F8F8B17DC}
	EndGlobalSection
EndGlobal
